
Microsoft Visual Studio Solution File, Format Version 12.00
# Visual Studio 2015
Project("{FAE04EC0-301F-11D3-BF4B-00C04F79EFBC}") = "Fezzer2.CSharp.Plugins", "Fezzer2.CSharp.Plugins.csproj", "{23167F80-70D0-CF24-3F71-5316EFCF7979}"
EndProject
Project("{FAE04EC0-301F-11D3-BF4B-00C04F79EFBC}") = "Fezzer2.CSharp", "Fezzer2.CSharp.csproj", "{87AB5418-9C91-7A5F-9433-E6C5FD248C07}"
EndProject
Project("{FAE04EC0-301F-11D3-BF4B-00C04F79EFBC}") = "Fezzer2.CSharp.Editor", "Fezzer2.CSharp.Editor.csproj", "{FCEFD4E0-757D-FECD-02DE-BCBC9814E6CA}"
EndProject
Global
	GlobalSection(SolutionConfigurationPlatforms) = preSolution
		Debug|Any CPU = Debug|Any CPU
		Release|Any CPU = Release|Any CPU
	EndGlobalSection
	GlobalSection(ProjectConfigurationPlatforms) = postSolution
		{23167F80-70D0-CF24-3F71-5316EFCF7979}.Debug|Any CPU.ActiveCfg = Debug|Any CPU
		{23167F80-70D0-CF24-3F71-5316EFCF7979}.Debug|Any CPU.Build.0 = Debug|Any CPU
		{23167F80-70D0-CF24-3F71-5316EFCF7979}.Release|Any CPU.ActiveCfg = Release|Any CPU
		{23167F80-70D0-CF24-3F71-5316EFCF7979}.Release|Any CPU.Build.0 = Release|Any CPU
		{87AB5418-9C91-7A5F-9433-E6C5FD248C07}.Debug|Any CPU.ActiveCfg = Debug|Any CPU
		{87AB5418-9C91-7A5F-9433-E6C5FD248C07}.Debug|Any CPU.Build.0 = Debug|Any CPU
		{87AB5418-9C91-7A5F-9433-E6C5FD248C07}.Release|Any CPU.ActiveCfg = Release|Any CPU
		{87AB5418-9C91-7A5F-9433-E6C5FD248C07}.Release|Any CPU.Build.0 = Release|Any CPU
		{FCEFD4E0-757D-FECD-02DE-BCBC9814E6CA}.Debug|Any CPU.ActiveCfg = Debug|Any CPU
		{FCEFD4E0-757D-FECD-02DE-BCBC9814E6CA}.Debug|Any CPU.Build.0 = Debug|Any CPU
		{FCEFD4E0-757D-FECD-02DE-BCBC9814E6CA}.Release|Any CPU.ActiveCfg = Release|Any CPU
		{FCEFD4E0-757D-FECD-02DE-BCBC9814E6CA}.Release|Any CPU.Build.0 = Release|Any CPU
	EndGlobalSection
	GlobalSection(SolutionProperties) = preSolution
		HideSolutionNode = FALSE
	EndGlobalSection
EndGlobal
